
Microsoft Visual Studio Solution File, Format Version 12.00
# Visual Studio Version 17
VisualStudioVersion = 17.7.34031.279
MinimumVisualStudioVersion = 10.0.40219.1
Project("{FAE04EC0-301F-11D3-BF4B-00C04F79EFBC}") = "S3Lab2", "S3Lab2.csproj", "{1ED676F6-8C07-4B77-8902-D5CD839C2636}"
EndProject
Global
	GlobalSection(SolutionConfigurationPlatforms) = preSolution
		Debug|Any CPU = Debug|Any CPU
		Release|Any CPU = Release|Any CPU
	EndGlobalSection
	GlobalSection(ProjectConfigurationPlatforms) = postSolution
		{1ED676F6-8C07-4B77-8902-D5CD839C2636}.Debug|Any CPU.ActiveCfg = Debug|Any CPU
		{1ED676F6-8C07-4B77-8902-D5CD839C2636}.Debug|Any CPU.Build.0 = Debug|Any CPU
		{1ED676F6-8C07-4B77-8902-D5CD839C2636}.Release|Any CPU.ActiveCfg = Release|Any CPU
		{1ED676F6-8C07-4B77-8902-D5CD839C2636}.Release|Any CPU.Build.0 = Release|Any CPU
	EndGlobalSection
	GlobalSection(SolutionProperties) = preSolution
		HideSolutionNode = FALSE
	EndGlobalSection
	GlobalSection(ExtensibilityGlobals) = postSolution
		SolutionGuid = {C2FDBB4E-5928-482D-B256-AF12CA9A8764}
	EndGlobalSection
EndGlobal
